
Microsoft Visual Studio Solution File, Format Version 12.00
# Visual Studio Version 17
VisualStudioVersion = 17.0.31903.59
MinimumVisualStudioVersion = 10.0.40219.1
Project("{FAE04EC0-301F-11D3-BF4B-00C04F79EFBC}") = "TeamsX", "TeamsX\TeamsX.csproj", "{B91C19F6-5A0A-4B24-B86E-36FD4E8654F6}"
EndProject
Project("{FAE04EC0-301F-11D3-BF4B-00C04F79EFBC}") = "TeamsX.PowerShell", "TeamsX.PowerShell\TeamsX.PowerShell.csproj", "{E1B4DAA2-37A6-4BEA-BE46-3C252E007067}"
EndProject
Project("{FAE04EC0-301F-11D3-BF4B-00C04F79EFBC}") = "TeamsX.Tests", "TeamsX.Tests\TeamsX.Tests.csproj", "{1BCB3122-AC43-4704-8D20-9FFC5C241167}"
EndProject
Global
	GlobalSection(SolutionConfigurationPlatforms) = preSolution
		Debug|Any CPU = Debug|Any CPU
		Debug|x64 = Debug|x64
		Debug|x86 = Debug|x86
		Release|Any CPU = Release|Any CPU
		Release|x64 = Release|x64
		Release|x86 = Release|x86
	EndGlobalSection
	GlobalSection(ProjectConfigurationPlatforms) = postSolution
		{B91C19F6-5A0A-4B24-B86E-36FD4E8654F6}.Debug|Any CPU.ActiveCfg = Debug|Any CPU
		{B91C19F6-5A0A-4B24-B86E-36FD4E8654F6}.Debug|Any CPU.Build.0 = Debug|Any CPU
		{B91C19F6-5A0A-4B24-B86E-36FD4E8654F6}.Debug|x64.ActiveCfg = Debug|Any CPU
		{B91C19F6-5A0A-4B24-B86E-36FD4E8654F6}.Debug|x64.Build.0 = Debug|Any CPU
		{B91C19F6-5A0A-4B24-B86E-36FD4E8654F6}.Debug|x86.ActiveCfg = Debug|Any CPU
		{B91C19F6-5A0A-4B24-B86E-36FD4E8654F6}.Debug|x86.Build.0 = Debug|Any CPU
		{B91C19F6-5A0A-4B24-B86E-36FD4E8654F6}.Release|Any CPU.ActiveCfg = Release|Any CPU
		{B91C19F6-5A0A-4B24-B86E-36FD4E8654F6}.Release|Any CPU.Build.0 = Release|Any CPU
		{B91C19F6-5A0A-4B24-B86E-36FD4E8654F6}.Release|x64.ActiveCfg = Release|Any CPU
		{B91C19F6-5A0A-4B24-B86E-36FD4E8654F6}.Release|x64.Build.0 = Release|Any CPU
		{B91C19F6-5A0A-4B24-B86E-36FD4E8654F6}.Release|x86.ActiveCfg = Release|Any CPU
		{B91C19F6-5A0A-4B24-B86E-36FD4E8654F6}.Release|x86.Build.0 = Release|Any CPU
		{E1B4DAA2-37A6-4BEA-BE46-3C252E007067}.Debug|Any CPU.ActiveCfg = Debug|Any CPU
		{E1B4DAA2-37A6-4BEA-BE46-3C252E007067}.Debug|Any CPU.Build.0 = Debug|Any CPU
		{E1B4DAA2-37A6-4BEA-BE46-3C252E007067}.Debug|x64.ActiveCfg = Debug|Any CPU
		{E1B4DAA2-37A6-4BEA-BE46-3C252E007067}.Debug|x64.Build.0 = Debug|Any CPU
		{E1B4DAA2-37A6-4BEA-BE46-3C252E007067}.Debug|x86.ActiveCfg = Debug|Any CPU
		{E1B4DAA2-37A6-4BEA-BE46-3C252E007067}.Debug|x86.Build.0 = Debug|Any CPU
		{E1B4DAA2-37A6-4BEA-BE46-3C252E007067}.Release|Any CPU.ActiveCfg = Release|Any CPU
		{E1B4DAA2-37A6-4BEA-BE46-3C252E007067}.Release|Any CPU.Build.0 = Release|Any CPU
		{E1B4DAA2-37A6-4BEA-BE46-3C252E007067}.Release|x64.ActiveCfg = Release|Any CPU
		{E1B4DAA2-37A6-4BEA-BE46-3C252E007067}.Release|x64.Build.0 = Release|Any CPU
		{E1B4DAA2-37A6-4BEA-BE46-3C252E007067}.Release|x86.ActiveCfg = Release|Any CPU
		{E1B4DAA2-37A6-4BEA-BE46-3C252E007067}.Release|x86.Build.0 = Release|Any CPU
		{1BCB3122-AC43-4704-8D20-9FFC5C241167}.Debug|Any CPU.ActiveCfg = Debug|Any CPU
		{1BCB3122-AC43-4704-8D20-9FFC5C241167}.Debug|Any CPU.Build.0 = Debug|Any CPU
		{1BCB3122-AC43-4704-8D20-9FFC5C241167}.Debug|x64.ActiveCfg = Debug|Any CPU
		{1BCB3122-AC43-4704-8D20-9FFC5C241167}.Debug|x64.Build.0 = Debug|Any CPU
		{1BCB3122-AC43-4704-8D20-9FFC5C241167}.Debug|x86.ActiveCfg = Debug|Any CPU
		{1BCB3122-AC43-4704-8D20-9FFC5C241167}.Debug|x86.Build.0 = Debug|Any CPU
		{1BCB3122-AC43-4704-8D20-9FFC5C241167}.Release|Any CPU.ActiveCfg = Release|Any CPU
		{1BCB3122-AC43-4704-8D20-9FFC5C241167}.Release|Any CPU.Build.0 = Release|Any CPU
		{1BCB3122-AC43-4704-8D20-9FFC5C241167}.Release|x64.ActiveCfg = Release|Any CPU
		{1BCB3122-AC43-4704-8D20-9FFC5C241167}.Release|x64.Build.0 = Release|Any CPU
		{1BCB3122-AC43-4704-8D20-9FFC5C241167}.Release|x86.ActiveCfg = Release|Any CPU
		{1BCB3122-AC43-4704-8D20-9FFC5C241167}.Release|x86.Build.0 = Release|Any CPU
	EndGlobalSection
	GlobalSection(SolutionProperties) = preSolution
		HideSolutionNode = FALSE
	EndGlobalSection
EndGlobal
